
Microsoft Visual Studio Solution File, Format Version 12.00
# Visual Studio 2012
Project("{8BC9CEB8-8B4A-11D0-8D11-00A0C91BC942}") = "Оценки а)", "Оценки а)\Оценки а).vcxproj", "{B3F681F9-7FA7-4E7C-9807-4A8BCB23DD09}"
EndProject
Global
	GlobalSection(SolutionConfigurationPlatforms) = preSolution
		Debug|Win32 = Debug|Win32
		Release|Win32 = Release|Win32
	EndGlobalSection
	GlobalSection(ProjectConfigurationPlatforms) = postSolution
		{B3F681F9-7FA7-4E7C-9807-4A8BCB23DD09}.Debug|Win32.ActiveCfg = Debug|Win32
		{B3F681F9-7FA7-4E7C-9807-4A8BCB23DD09}.Debug|Win32.Build.0 = Debug|Win32
		{B3F681F9-7FA7-4E7C-9807-4A8BCB23DD09}.Release|Win32.ActiveCfg = Release|Win32
		{B3F681F9-7FA7-4E7C-9807-4A8BCB23DD09}.Release|Win32.Build.0 = Release|Win32
	EndGlobalSection
	GlobalSection(SolutionProperties) = preSolution
		HideSolutionNode = FALSE
	EndGlobalSection
EndGlobal
